
Microsoft Visual Studio Solution File, Format Version 12.00
# Visual Studio Version 16
VisualStudioVersion = 16.0.29409.12
MinimumVisualStudioVersion = 10.0.40219.1
Project("{9A19103F-16F7-4668-BE54-9A1E7A4F7556}") = "BlackFriday", "BlackFriday\BlackFriday.csproj", "{55A97260-70B7-490A-9578-7BFC58C9B3D6}"
EndProject
Project("{9A19103F-16F7-4668-BE54-9A1E7A4F7556}") = "IEGEasyCreditCardService", "IEGEasyCreditCardService\IEGEasyCreditCardService.csproj", "{2E7B89A5-C69E-4D82-AD7F-25F49789B557}"
EndProject
Project("{9A19103F-16F7-4668-BE54-9A1E7A4F7556}") = "PaymentService", "PaymentService\PaymentService.csproj", "{DCDD6491-34A4-41ED-A9C0-922B46534A24}"
EndProject
Project("{FAE04EC0-301F-11D3-BF4B-00C04F79EFBC}") = "FtpProductService", "FtpProductService\FtpProductService.csproj", "{B280FD26-5B9D-449E-8583-8EFB84309A8E}"
EndProject
Global
	GlobalSection(SolutionConfigurationPlatforms) = preSolution
		Debug|Any CPU = Debug|Any CPU
		Release|Any CPU = Release|Any CPU
	EndGlobalSection
	GlobalSection(ProjectConfigurationPlatforms) = postSolution
		{55A97260-70B7-490A-9578-7BFC58C9B3D6}.Debug|Any CPU.ActiveCfg = Debug|Any CPU
		{55A97260-70B7-490A-9578-7BFC58C9B3D6}.Debug|Any CPU.Build.0 = Debug|Any CPU
		{55A97260-70B7-490A-9578-7BFC58C9B3D6}.Release|Any CPU.ActiveCfg = Release|Any CPU
		{55A97260-70B7-490A-9578-7BFC58C9B3D6}.Release|Any CPU.Build.0 = Release|Any CPU
		{2E7B89A5-C69E-4D82-AD7F-25F49789B557}.Debug|Any CPU.ActiveCfg = Debug|Any CPU
		{2E7B89A5-C69E-4D82-AD7F-25F49789B557}.Debug|Any CPU.Build.0 = Debug|Any CPU
		{2E7B89A5-C69E-4D82-AD7F-25F49789B557}.Release|Any CPU.ActiveCfg = Release|Any CPU
		{2E7B89A5-C69E-4D82-AD7F-25F49789B557}.Release|Any CPU.Build.0 = Release|Any CPU
		{DCDD6491-34A4-41ED-A9C0-922B46534A24}.Debug|Any CPU.ActiveCfg = Debug|Any CPU
		{DCDD6491-34A4-41ED-A9C0-922B46534A24}.Debug|Any CPU.Build.0 = Debug|Any CPU
		{DCDD6491-34A4-41ED-A9C0-922B46534A24}.Release|Any CPU.ActiveCfg = Release|Any CPU
		{DCDD6491-34A4-41ED-A9C0-922B46534A24}.Release|Any CPU.Build.0 = Release|Any CPU
		{B280FD26-5B9D-449E-8583-8EFB84309A8E}.Debug|Any CPU.ActiveCfg = Debug|Any CPU
		{B280FD26-5B9D-449E-8583-8EFB84309A8E}.Debug|Any CPU.Build.0 = Debug|Any CPU
		{B280FD26-5B9D-449E-8583-8EFB84309A8E}.Release|Any CPU.ActiveCfg = Release|Any CPU
		{B280FD26-5B9D-449E-8583-8EFB84309A8E}.Release|Any CPU.Build.0 = Release|Any CPU
	EndGlobalSection
	GlobalSection(SolutionProperties) = preSolution
		HideSolutionNode = FALSE
	EndGlobalSection
	GlobalSection(ExtensibilityGlobals) = postSolution
		SolutionGuid = {3C31E0F8-78F5-4233-9E5F-B8C28EE63861}
	EndGlobalSection
EndGlobal
